// !$*UTF8*$!
{
	archiveVersion = 1;
	classes = {
	};
	objectVersion = 46;
	objects = {

/* Begin PBXBuildFile section */
		6909143E169375F30053A65C /* Foundation.framework in Frameworks */ = {isa = PBXBuildFile; fileRef = 6909143D169375F30053A65C /* Foundation.framework */; };
		69091443169375F30053A65C /* JATickerView.h in CopyFiles */ = {isa = PBXBuildFile; fileRef = 69091442169375F30053A65C /* JATickerView.h */; };
		69091445169375F30053A65C /* JATickerView.m in Sources */ = {isa = PBXBuildFile; fileRef = 69091444169375F30053A65C /* JATickerView.m */; };
/* End PBXBuildFile section */

/* Begin PBXCopyFilesBuildPhase section */
		69091438169375F30053A65C /* CopyFiles */ = {
			isa = PBXCopyFilesBuildPhase;
			buildActionMask = 2147483647;
			dstPath = "include/${PRODUCT_NAME}";
			dstSubfolderSpec = 16;
			files = (
				69091443169375F30053A65C /* JATickerView.h in CopyFiles */,
			);
			runOnlyForDeploymentPostprocessing = 0;
		};
/* End PBXCopyFilesBuildPhase section */

/* Begin PBXFileReference section */
		6909143A169375F30053A65C /* libJATickerView.a */ = {isa = PBXFileReference; explicitFileType = archive.ar; includeInIndex = 0; path = libJATickerView.a; sourceTree = BUILT_PRODUCTS_DIR; };
		6909143D169375F30053A65C /* Foundation.framework */ = {isa = PBXFileReference; lastKnownFileType = wrapper.framework; name = Foundation.framework; path = System/Library/Frameworks/Foundation.framework; sourceTree = SDKROOT; };
		69091441169375F30053A65C /* JATickerView-Prefix.pch */ = {isa = PBXFileReference; lastKnownFileType = sourcecode.c.h; path = "JATickerView-Prefix.pch"; sourceTree = "<group>"; };
		69091442169375F30053A65C /* JATickerView.h */ = {isa = PBXFileReference; lastKnownFileType = sourcecode.c.h; path = JATickerView.h; sourceTree = "<group>"; };
		69091444169375F30053A65C /* JATickerView.m */ = {isa = PBXFileReference; lastKnownFileType = sourcecode.c.objc; path = JATickerView.m; sourceTree = "<group>"; };
/* End PBXFileReference section */

/* Begin PBXFrameworksBuildPhase section */
		69091437169375F30053A65C /* Frameworks */ = {
			isa = PBXFrameworksBuildPhase;
			buildActionMask = 2147483647;
			files = (
				6909143E169375F30053A65C /* Foundation.framework in Frameworks */,
			);
			runOnlyForDeploymentPostprocessing = 0;
		};
/* End PBXFrameworksBuildPhase section */

/* Begin PBXGroup section */
		6909142F169375F30053A65C = {
			isa = PBXGroup;
			children = (
				6909143F169375F30053A65C /* JATickerView */,
				6909143C169375F30053A65C /* Frameworks */,
				6909143B169375F30053A65C /* Products */,
			);
			sourceTree = "<group>";
		};
		6909143B169375F30053A65C /* Products */ = {
			isa = PBXGroup;
			children = (
				6909143A169375F30053A65C /* libJATickerView.a */,
			);
			name = Products;
			sourceTree = "<group>";
		};
		6909143C169375F30053A65C /* Frameworks */ = {
			isa = PBXGroup;
			children = (
				6909143D169375F30053A65C /* Foundation.framework */,
			);
			name = Frameworks;
			sourceTree = "<group>";
		};
		6909143F169375F30053A65C /* JATickerView */ = {
			isa = PBXGroup;
			children = (
				69091442169375F30053A65C /* JATickerView.h */,
				69091444169375F30053A65C /* JATickerView.m */,
				69091440169375F30053A65C /* Supporting Files */,
			);
			path = JATickerView;
			sourceTree = "<group>";
		};
		69091440169375F30053A65C /* Supporting Files */ = {
			isa = PBXGroup;
			children = (
				69091441169375F30053A65C /* JATickerView-Prefix.pch */,
			);
			name = "Supporting Files";
			sourceTree = "<group>";
		};
/* End PBXGroup section */

/* Begin PBXNativeTarget section */
		69091439169375F30053A65C /* JATickerView */ = {
			isa = PBXNativeTarget;
			buildConfigurationList = 69091448169375F30053A65C /* Build configuration list for PBXNativeTarget "JATickerView" */;
			buildPhases = (
				69091436169375F30053A65C /* Sources */,
				69091437169375F30053A65C /* Frameworks */,
				69091438169375F30053A65C /* CopyFiles */,
			);
			buildRules = (
			);
			dependencies = (
			);
			name = JATickerView;
			productName = JATickerView;
			productReference = 6909143A169375F30053A65C /* libJATickerView.a */;
			productType = "com.apple.product-type.library.static";
		};
/* End PBXNativeTarget section */

/* Begin PBXProject section */
		69091431169375F30053A65C /* Project object */ = {
			isa = PBXProject;
			attributes = {
				LastUpgradeCheck = 0450;
				ORGANIZATIONNAME = jaysapps;
			};
			buildConfigurationList = 69091434169375F30053A65C /* Build configuration list for PBXProject "JATickerView" */;
			compatibilityVersion = "Xcode 3.2";
			developmentRegion = English;
			hasScannedForEncodings = 0;
			knownRegions = (
				en,
			);
			mainGroup = 6909142F169375F30053A65C;
			productRefGroup = 6909143B169375F30053A65C /* Products */;
			projectDirPath = "";
			projectRoot = "";
			targets = (
				69091439169375F30053A65C /* JATickerView */,
			);
		};
/* End PBXProject section */

/* Begin PBXSourcesBuildPhase section */
		69091436169375F30053A65C /* Sources */ = {
			isa = PBXSourcesBuildPhase;
			buildActionMask = 2147483647;
			files = (
				69091445169375F30053A65C /* JATickerView.m in Sources */,
			);
			runOnlyForDeploymentPostprocessing = 0;
		};
/* End PBXSourcesBuildPhase section */

/* Begin XCBuildConfiguration section */
		69091446169375F30053A65C /* Debug */ = {
			isa = XCBuildConfiguration;
			buildSettings = {
				ALWAYS_SEARCH_USER_PATHS = NO;
				CLANG_CXX_LANGUAGE_STANDARD = "gnu++0x";
				CLANG_CXX_LIBRARY = "libc++";
				CLANG_ENABLE_OBJC_ARC = YES;
				CLANG_WARN_EMPTY_BODY = YES;
				CLANG_WARN__DUPLICATE_METHOD_MATCH = YES;
				COPY_PHASE_STRIP = NO;
				GCC_C_LANGUAGE_STANDARD = gnu99;
				GCC_DYNAMIC_NO_PIC = NO;
				GCC_OPTIMIZATION_LEVEL = 0;
				GCC_PREPROCESSOR_DEFINITIONS = (
					"DEBUG=1",
					"$(inherited)",
				);
				GCC_SYMBOLS_PRIVATE_EXTERN = NO;
				GCC_WARN_ABOUT_RETURN_TYPE = YES;
				GCC_WARN_UNINITIALIZED_AUTOS = YES;
				GCC_WARN_UNUSED_VARIABLE = YES;
				IPHONEOS_DEPLOYMENT_TARGET = 6.0;
				SDKROOT = iphoneos;
			};
			name = Debug;
		};
		69091447169375F30053A65C /* Release */ = {
			isa = XCBuildConfiguration;
			buildSettings = {
				ALWAYS_SEARCH_USER_PATHS = NO;
				CLANG_CXX_LANGUAGE_STANDARD = "gnu++0x";
				CLANG_CXX_LIBRARY = "libc++";
				CLANG_ENABLE_OBJC_ARC = YES;
				CLANG_WARN_EMPTY_BODY = YES;
				CLANG_WARN__DUPLICATE_METHOD_MATCH = YES;
				COPY_PHASE_STRIP = YES;
				GCC_C_LANGUAGE_STANDARD = gnu99;
				GCC_WARN_ABOUT_RETURN_TYPE = YES;
				GCC_WARN_UNINITIALIZED_AUTOS = YES;
				GCC_WARN_UNUSED_VARIABLE = YES;
				IPHONEOS_DEPLOYMENT_TARGET = 6.0;
				SDKROOT = iphoneos;
				VALIDATE_PRODUCT = YES;
			};
			name = Release;
		};
		69091449169375F30053A65C /* Debug */ = {
			isa = XCBuildConfiguration;
			buildSettings = {
				DSTROOT = /tmp/JATickerView.dst;
				GCC_PRECOMPILE_PREFIX_HEADER = YES;
				GCC_PREFIX_HEADER = "JATickerView/JATickerView-Prefix.pch";
				OTHER_LDFLAGS = "-ObjC";
				PRODUCT_NAME = "$(TARGET_NAME)";
				SKIP_INSTALL = YES;
			};
			name = Debug;
		};
		6909144A169375F30053A65C /* Release */ = {
			isa = XCBuildConfiguration;
			buildSettings = {
				DSTROOT = /tmp/JATickerView.dst;
				GCC_PRECOMPILE_PREFIX_HEADER = YES;
				GCC_PREFIX_HEADER = "JATickerView/JATickerView-Prefix.pch";
				OTHER_LDFLAGS = "-ObjC";
				PRODUCT_NAME = "$(TARGET_NAME)";
				SKIP_INSTALL = YES;
			};
			name = Release;
		};
/* End XCBuildConfiguration section */

/* Begin XCConfigurationList section */
		69091434169375F30053A65C /* Build configuration list for PBXProject "JATickerView" */ = {
			isa = XCConfigurationList;
			buildConfigurations = (
				69091446169375F30053A65C /* Debug */,
				69091447169375F30053A65C /* Release */,
			);
			defaultConfigurationIsVisible = 0;
			defaultConfigurationName = Release;
		};
		69091448169375F30053A65C /* Build configuration list for PBXNativeTarget "JATickerView" */ = {
			isa = XCConfigurationList;
			buildConfigurations = (
				69091449169375F30053A65C /* Debug */,
				6909144A169375F30053A65C /* Release */,
			);
			defaultConfigurationIsVisible = 0;
		};
/* End XCConfigurationList section */
	};
	rootObject = 69091431169375F30053A65C /* Project object */;
}
