// !$*UTF8*$!
{
	archiveVersion = 1;
	classes = {
	};
	objectVersion = 46;
	objects = {

/* Begin PBXAggregateTarget section */
		69C81E0C1693DC8A0089C849 /* JATickerAggregate */ = {
			isa = PBXAggregateTarget;
			buildConfigurationList = 69C81E0D1693DC8A0089C849 /* Build configuration list for PBXAggregateTarget "JATickerAggregate" */;
			buildPhases = (
				69C81E101693DCB00089C849 /* ShellScript */,
			);
			dependencies = (
				6933252D169E671D002C2AB6 /* PBXTargetDependency */,
				6933252F169E671D002C2AB6 /* PBXTargetDependency */,
			);
			name = JATickerAggregate;
			productName = JATickerAggregate;
		};
/* End PBXAggregateTarget section */

/* Begin PBXBuildFile section */
		6987322D1693F08600893230 /* blackdot.png in Resources */ = {isa = PBXBuildFile; fileRef = 698373891693CEBA008995BE /* blackdot.png */; };
		6987322E1693F08600893230 /* blackdot@2x.png in Resources */ = {isa = PBXBuildFile; fileRef = 6983738C1693D6CC008995BE /* blackdot@2x.png */; };
		6987322F1693F08600893230 /* greendot.png in Resources */ = {isa = PBXBuildFile; fileRef = 6983738A1693CEC9008995BE /* greendot.png */; };
		698732301693F08600893230 /* greendot@2x.png in Resources */ = {isa = PBXBuildFile; fileRef = 6983738D1693D6CC008995BE /* greendot@2x.png */; };
		698732311693F08600893230 /* symbols.txt in Resources */ = {isa = PBXBuildFile; fileRef = 6983738B1693D64D008995BE /* symbols.txt */; };
		69C81E071693DBED0089C849 /* InfoPlist.strings in Resources */ = {isa = PBXBuildFile; fileRef = 69C81E051693DBED0089C849 /* InfoPlist.strings */; };
		69C81E111693DD630089C849 /* JATickerView.m in Sources */ = {isa = PBXBuildFile; fileRef = 69091444169375F30053A65C /* JATickerView.m */; };
		69C81E121693DD630089C849 /* JATickerChar.m in Sources */ = {isa = PBXBuildFile; fileRef = 69091450169376510053A65C /* JATickerChar.m */; };
		69C81E131693DD800089C849 /* blackdot.png in Resources */ = {isa = PBXBuildFile; fileRef = 698373891693CEBA008995BE /* blackdot.png */; };
		69C81E141693DD800089C849 /* blackdot@2x.png in Resources */ = {isa = PBXBuildFile; fileRef = 6983738C1693D6CC008995BE /* blackdot@2x.png */; };
		69C81E151693DD800089C849 /* greendot.png in Resources */ = {isa = PBXBuildFile; fileRef = 6983738A1693CEC9008995BE /* greendot.png */; };
		69C81E161693DD800089C849 /* greendot@2x.png in Resources */ = {isa = PBXBuildFile; fileRef = 6983738D1693D6CC008995BE /* greendot@2x.png */; };
		69C81E171693DD800089C849 /* symbols.txt in Resources */ = {isa = PBXBuildFile; fileRef = 6983738B1693D64D008995BE /* symbols.txt */; };
		69C81E1A1693DEB90089C849 /* JATicker.h in Headers */ = {isa = PBXBuildFile; fileRef = 69C81E181693DDA60089C849 /* JATicker.h */; settings = {ATTRIBUTES = (Public, ); }; };
		69C81E1B1693DEB90089C849 /* JATickerViewDelegate.h in Headers */ = {isa = PBXBuildFile; fileRef = 698373871693CBB0008995BE /* JATickerViewDelegate.h */; settings = {ATTRIBUTES = (Public, ); }; };
		69C81E1C1693DEB90089C849 /* JATickerView.h in Headers */ = {isa = PBXBuildFile; fileRef = 69091442169375F30053A65C /* JATickerView.h */; settings = {ATTRIBUTES = (Public, ); }; };
		69C81E1D1693DEB90089C849 /* JATickerChar.h in Headers */ = {isa = PBXBuildFile; fileRef = 6909144F169376510053A65C /* JATickerChar.h */; settings = {ATTRIBUTES = (Public, ); }; };
		69CE7E2A1699ECD4000FFA31 /* yellowdot.png in Resources */ = {isa = PBXBuildFile; fileRef = 69CE7E221699ECD4000FFA31 /* yellowdot.png */; };
		69CE7E2C1699ECD4000FFA31 /* yellowdot.png in Resources */ = {isa = PBXBuildFile; fileRef = 69CE7E221699ECD4000FFA31 /* yellowdot.png */; };
		69CE7E2D1699ECD4000FFA31 /* yellowdot@2x.png in Resources */ = {isa = PBXBuildFile; fileRef = 69CE7E231699ECD4000FFA31 /* yellowdot@2x.png */; };
		69CE7E2F1699ECD4000FFA31 /* yellowdot@2x.png in Resources */ = {isa = PBXBuildFile; fileRef = 69CE7E231699ECD4000FFA31 /* yellowdot@2x.png */; };
		69CE7E301699ECD4000FFA31 /* orangedot.png in Resources */ = {isa = PBXBuildFile; fileRef = 69CE7E241699ECD4000FFA31 /* orangedot.png */; };
		69CE7E321699ECD4000FFA31 /* orangedot.png in Resources */ = {isa = PBXBuildFile; fileRef = 69CE7E241699ECD4000FFA31 /* orangedot.png */; };
		69CE7E331699ECD4000FFA31 /* orangedot@2x.png in Resources */ = {isa = PBXBuildFile; fileRef = 69CE7E251699ECD4000FFA31 /* orangedot@2x.png */; };
		69CE7E351699ECD4000FFA31 /* orangedot@2x.png in Resources */ = {isa = PBXBuildFile; fileRef = 69CE7E251699ECD4000FFA31 /* orangedot@2x.png */; };
		69CE7E361699ECD4000FFA31 /* reddot.png in Resources */ = {isa = PBXBuildFile; fileRef = 69CE7E261699ECD4000FFA31 /* reddot.png */; };
		69CE7E381699ECD4000FFA31 /* reddot.png in Resources */ = {isa = PBXBuildFile; fileRef = 69CE7E261699ECD4000FFA31 /* reddot.png */; };
		69CE7E391699ECD4000FFA31 /* reddot@2x.png in Resources */ = {isa = PBXBuildFile; fileRef = 69CE7E271699ECD4000FFA31 /* reddot@2x.png */; };
		69CE7E3B1699ECD4000FFA31 /* reddot@2x.png in Resources */ = {isa = PBXBuildFile; fileRef = 69CE7E271699ECD4000FFA31 /* reddot@2x.png */; };
		69CE7E3C1699ECD4000FFA31 /* bluedot.png in Resources */ = {isa = PBXBuildFile; fileRef = 69CE7E281699ECD4000FFA31 /* bluedot.png */; };
		69CE7E3E1699ECD4000FFA31 /* bluedot.png in Resources */ = {isa = PBXBuildFile; fileRef = 69CE7E281699ECD4000FFA31 /* bluedot.png */; };
		69CE7E3F1699ECD4000FFA31 /* bluedot@2x.png in Resources */ = {isa = PBXBuildFile; fileRef = 69CE7E291699ECD4000FFA31 /* bluedot@2x.png */; };
		69CE7E411699ECD4000FFA31 /* bluedot@2x.png in Resources */ = {isa = PBXBuildFile; fileRef = 69CE7E291699ECD4000FFA31 /* bluedot@2x.png */; };
/* End PBXBuildFile section */

/* Begin PBXContainerItemProxy section */
		6933252C169E671D002C2AB6 /* PBXContainerItemProxy */ = {
			isa = PBXContainerItemProxy;
			containerPortal = 69091431169375F30053A65C /* Project object */;
			proxyType = 1;
			remoteGlobalIDString = 69C81DFA1693DBED0089C849;
			remoteInfo = JATicker;
		};
		6933252E169E671D002C2AB6 /* PBXContainerItemProxy */ = {
			isa = PBXContainerItemProxy;
			containerPortal = 69091431169375F30053A65C /* Project object */;
			proxyType = 1;
			remoteGlobalIDString = 6987321A1693F05800893230;
			remoteInfo = JATickerResources;
		};
/* End PBXContainerItemProxy section */

/* Begin PBXCopyFilesBuildPhase section */
		698731EC1693E3DB00893230 /* CopyFiles */ = {
			isa = PBXCopyFilesBuildPhase;
			buildActionMask = 2147483647;
			dstPath = "";
			dstSubfolderSpec = 16;
			files = (
			);
			runOnlyForDeploymentPostprocessing = 0;
		};
/* End PBXCopyFilesBuildPhase section */

/* Begin PBXFileReference section */
		6909143D169375F30053A65C /* Foundation.framework */ = {isa = PBXFileReference; lastKnownFileType = wrapper.framework; name = Foundation.framework; path = System/Library/Frameworks/Foundation.framework; sourceTree = SDKROOT; };
		69091442169375F30053A65C /* JATickerView.h */ = {isa = PBXFileReference; lastKnownFileType = sourcecode.c.h; name = JATickerView.h; path = JATickerView/JATickerView.h; sourceTree = SOURCE_ROOT; };
		69091444169375F30053A65C /* JATickerView.m */ = {isa = PBXFileReference; lastKnownFileType = sourcecode.c.objc; name = JATickerView.m; path = JATickerView/JATickerView.m; sourceTree = SOURCE_ROOT; };
		6909144F169376510053A65C /* JATickerChar.h */ = {isa = PBXFileReference; fileEncoding = 4; lastKnownFileType = sourcecode.c.h; name = JATickerChar.h; path = JATickerView/JATickerChar.h; sourceTree = SOURCE_ROOT; };
		69091450169376510053A65C /* JATickerChar.m */ = {isa = PBXFileReference; fileEncoding = 4; lastKnownFileType = sourcecode.c.objc; name = JATickerChar.m; path = JATickerView/JATickerChar.m; sourceTree = SOURCE_ROOT; };
		698373871693CBB0008995BE /* JATickerViewDelegate.h */ = {isa = PBXFileReference; fileEncoding = 4; lastKnownFileType = sourcecode.c.h; name = JATickerViewDelegate.h; path = JATickerView/JATickerViewDelegate.h; sourceTree = SOURCE_ROOT; };
		698373891693CEBA008995BE /* blackdot.png */ = {isa = PBXFileReference; lastKnownFileType = image.png; name = blackdot.png; path = JATickerView/blackdot.png; sourceTree = SOURCE_ROOT; };
		6983738A1693CEC9008995BE /* greendot.png */ = {isa = PBXFileReference; lastKnownFileType = image.png; name = greendot.png; path = JATickerView/greendot.png; sourceTree = SOURCE_ROOT; };
		6983738B1693D64D008995BE /* symbols.txt */ = {isa = PBXFileReference; fileEncoding = 4; lastKnownFileType = text; name = symbols.txt; path = JATickerView/symbols.txt; sourceTree = SOURCE_ROOT; };
		6983738C1693D6CC008995BE /* blackdot@2x.png */ = {isa = PBXFileReference; lastKnownFileType = image.png; name = "blackdot@2x.png"; path = "JATickerView/blackdot@2x.png"; sourceTree = SOURCE_ROOT; };
		6983738D1693D6CC008995BE /* greendot@2x.png */ = {isa = PBXFileReference; lastKnownFileType = image.png; name = "greendot@2x.png"; path = "JATickerView/greendot@2x.png"; sourceTree = SOURCE_ROOT; };
		698732161693F02100893230 /* JATicker.framework */ = {isa = PBXFileReference; explicitFileType = wrapper.cfbundle; includeInIndex = 0; path = JATicker.framework; sourceTree = BUILT_PRODUCTS_DIR; };
		6987321B1693F05800893230 /* JATickerResources.bundle */ = {isa = PBXFileReference; explicitFileType = wrapper.cfbundle; includeInIndex = 0; path = JATickerResources.bundle; sourceTree = BUILT_PRODUCTS_DIR; };
		6987321F1693F05800893230 /* AppKit.framework */ = {isa = PBXFileReference; lastKnownFileType = wrapper.framework; name = AppKit.framework; path = Library/Frameworks/AppKit.framework; sourceTree = SDKROOT; };
		698732201693F05800893230 /* CoreData.framework */ = {isa = PBXFileReference; lastKnownFileType = wrapper.framework; name = CoreData.framework; path = Library/Frameworks/CoreData.framework; sourceTree = SDKROOT; };
		698732211693F05800893230 /* Foundation.framework */ = {isa = PBXFileReference; lastKnownFileType = wrapper.framework; name = Foundation.framework; path = Library/Frameworks/Foundation.framework; sourceTree = SDKROOT; };
		69C81E041693DBED0089C849 /* JATicker-Info.plist */ = {isa = PBXFileReference; lastKnownFileType = text.plist.xml; path = "JATicker-Info.plist"; sourceTree = "<group>"; };
		69C81E061693DBED0089C849 /* en */ = {isa = PBXFileReference; lastKnownFileType = text.plist.strings; name = en; path = en.lproj/InfoPlist.strings; sourceTree = "<group>"; };
		69C81E081693DBED0089C849 /* JATicker-Prefix.pch */ = {isa = PBXFileReference; lastKnownFileType = sourcecode.c.h; path = "JATicker-Prefix.pch"; sourceTree = "<group>"; };
		69C81E181693DDA60089C849 /* JATicker.h */ = {isa = PBXFileReference; fileEncoding = 4; lastKnownFileType = sourcecode.c.h; path = JATicker.h; sourceTree = "<group>"; };
		69CE7E221699ECD4000FFA31 /* yellowdot.png */ = {isa = PBXFileReference; lastKnownFileType = image.png; path = yellowdot.png; sourceTree = "<group>"; };
		69CE7E231699ECD4000FFA31 /* yellowdot@2x.png */ = {isa = PBXFileReference; lastKnownFileType = image.png; path = "yellowdot@2x.png"; sourceTree = "<group>"; };
		69CE7E241699ECD4000FFA31 /* orangedot.png */ = {isa = PBXFileReference; lastKnownFileType = image.png; path = orangedot.png; sourceTree = "<group>"; };
		69CE7E251699ECD4000FFA31 /* orangedot@2x.png */ = {isa = PBXFileReference; lastKnownFileType = image.png; path = "orangedot@2x.png"; sourceTree = "<group>"; };
		69CE7E261699ECD4000FFA31 /* reddot.png */ = {isa = PBXFileReference; lastKnownFileType = image.png; path = reddot.png; sourceTree = "<group>"; };
		69CE7E271699ECD4000FFA31 /* reddot@2x.png */ = {isa = PBXFileReference; lastKnownFileType = image.png; path = "reddot@2x.png"; sourceTree = "<group>"; };
		69CE7E281699ECD4000FFA31 /* bluedot.png */ = {isa = PBXFileReference; lastKnownFileType = image.png; path = bluedot.png; sourceTree = "<group>"; };
		69CE7E291699ECD4000FFA31 /* bluedot@2x.png */ = {isa = PBXFileReference; lastKnownFileType = image.png; path = "bluedot@2x.png"; sourceTree = "<group>"; };
/* End PBXFileReference section */

/* Begin PBXFrameworksBuildPhase section */
		698732181693F05800893230 /* Frameworks */ = {
			isa = PBXFrameworksBuildPhase;
			buildActionMask = 2147483647;
			files = (
			);
			runOnlyForDeploymentPostprocessing = 0;
		};
		69C81DF81693DBED0089C849 /* Frameworks */ = {
			isa = PBXFrameworksBuildPhase;
			buildActionMask = 2147483647;
			files = (
			);
			runOnlyForDeploymentPostprocessing = 0;
		};
/* End PBXFrameworksBuildPhase section */

/* Begin PBXGroup section */
		6909142F169375F30053A65C = {
			isa = PBXGroup;
			children = (
				69C81E021693DBED0089C849 /* JATicker */,
				6909143C169375F30053A65C /* Frameworks */,
				698732161693F02100893230 /* JATicker.framework */,
				6987321B1693F05800893230 /* JATickerResources.bundle */,
			);
			sourceTree = "<group>";
		};
		6909143C169375F30053A65C /* Frameworks */ = {
			isa = PBXGroup;
			children = (
				6909143D169375F30053A65C /* Foundation.framework */,
				6987321E1693F05800893230 /* Other Frameworks */,
			);
			name = Frameworks;
			sourceTree = "<group>";
		};
		6987321E1693F05800893230 /* Other Frameworks */ = {
			isa = PBXGroup;
			children = (
				6987321F1693F05800893230 /* AppKit.framework */,
				698732201693F05800893230 /* CoreData.framework */,
				698732211693F05800893230 /* Foundation.framework */,
			);
			name = "Other Frameworks";
			sourceTree = "<group>";
		};
		69C81E021693DBED0089C849 /* JATicker */ = {
			isa = PBXGroup;
			children = (
				69C81E181693DDA60089C849 /* JATicker.h */,
				698373871693CBB0008995BE /* JATickerViewDelegate.h */,
				69091442169375F30053A65C /* JATickerView.h */,
				69091444169375F30053A65C /* JATickerView.m */,
				6909144F169376510053A65C /* JATickerChar.h */,
				69091450169376510053A65C /* JATickerChar.m */,
				69C81E031693DBED0089C849 /* Supporting Files */,
			);
			path = JATicker;
			sourceTree = "<group>";
		};
		69C81E031693DBED0089C849 /* Supporting Files */ = {
			isa = PBXGroup;
			children = (
				69CE7E221699ECD4000FFA31 /* yellowdot.png */,
				69CE7E231699ECD4000FFA31 /* yellowdot@2x.png */,
				69CE7E241699ECD4000FFA31 /* orangedot.png */,
				69CE7E251699ECD4000FFA31 /* orangedot@2x.png */,
				69CE7E261699ECD4000FFA31 /* reddot.png */,
				69CE7E271699ECD4000FFA31 /* reddot@2x.png */,
				69CE7E281699ECD4000FFA31 /* bluedot.png */,
				69CE7E291699ECD4000FFA31 /* bluedot@2x.png */,
				698373891693CEBA008995BE /* blackdot.png */,
				6983738C1693D6CC008995BE /* blackdot@2x.png */,
				6983738A1693CEC9008995BE /* greendot.png */,
				6983738D1693D6CC008995BE /* greendot@2x.png */,
				6983738B1693D64D008995BE /* symbols.txt */,
				69C81E041693DBED0089C849 /* JATicker-Info.plist */,
				69C81E051693DBED0089C849 /* InfoPlist.strings */,
				69C81E081693DBED0089C849 /* JATicker-Prefix.pch */,
			);
			name = "Supporting Files";
			sourceTree = "<group>";
		};
/* End PBXGroup section */

/* Begin PBXHeadersBuildPhase section */
		69C81E191693DEA00089C849 /* Headers */ = {
			isa = PBXHeadersBuildPhase;
			buildActionMask = 2147483647;
			files = (
				69C81E1A1693DEB90089C849 /* JATicker.h in Headers */,
				69C81E1B1693DEB90089C849 /* JATickerViewDelegate.h in Headers */,
				69C81E1C1693DEB90089C849 /* JATickerView.h in Headers */,
				69C81E1D1693DEB90089C849 /* JATickerChar.h in Headers */,
			);
			runOnlyForDeploymentPostprocessing = 0;
		};
/* End PBXHeadersBuildPhase section */

/* Begin PBXNativeTarget section */
		6987321A1693F05800893230 /* JATickerResources */ = {
			isa = PBXNativeTarget;
			buildConfigurationList = 6987322B1693F05800893230 /* Build configuration list for PBXNativeTarget "JATickerResources" */;
			buildPhases = (
				698732171693F05800893230 /* Sources */,
				698732181693F05800893230 /* Frameworks */,
				698732191693F05800893230 /* Resources */,
			);
			buildRules = (
			);
			dependencies = (
			);
			name = JATickerResources;
			productName = JATickerResources;
			productReference = 6987321B1693F05800893230 /* JATickerResources.bundle */;
			productType = "com.apple.product-type.bundle";
		};
		69C81DFA1693DBED0089C849 /* JATicker */ = {
			isa = PBXNativeTarget;
			buildConfigurationList = 69C81E091693DBED0089C849 /* Build configuration list for PBXNativeTarget "JATicker" */;
			buildPhases = (
				69C81DF71693DBED0089C849 /* Sources */,
				69C81DF81693DBED0089C849 /* Frameworks */,
				69C81DF91693DBED0089C849 /* Resources */,
				69C81E191693DEA00089C849 /* Headers */,
				698731EC1693E3DB00893230 /* CopyFiles */,
			);
			buildRules = (
			);
			dependencies = (
			);
			name = JATicker;
			productName = JATicker;
			productReference = 698732161693F02100893230 /* JATicker.framework */;
			productType = "com.apple.product-type.bundle";
		};
/* End PBXNativeTarget section */

/* Begin PBXProject section */
		69091431169375F30053A65C /* Project object */ = {
			isa = PBXProject;
			attributes = {
				LastUpgradeCheck = 0450;
				ORGANIZATIONNAME = jaysapps;
			};
			buildConfigurationList = 69091434169375F30053A65C /* Build configuration list for PBXProject "JATickerView" */;
			compatibilityVersion = "Xcode 3.2";
			developmentRegion = English;
			hasScannedForEncodings = 0;
			knownRegions = (
				en,
			);
			mainGroup = 6909142F169375F30053A65C;
			productRefGroup = 6909142F169375F30053A65C;
			projectDirPath = "";
			projectRoot = "";
			targets = (
				69C81DFA1693DBED0089C849 /* JATicker */,
				69C81E0C1693DC8A0089C849 /* JATickerAggregate */,
				6987321A1693F05800893230 /* JATickerResources */,
			);
		};
/* End PBXProject section */

/* Begin PBXResourcesBuildPhase section */
		698732191693F05800893230 /* Resources */ = {
			isa = PBXResourcesBuildPhase;
			buildActionMask = 2147483647;
			files = (
				6987322D1693F08600893230 /* blackdot.png in Resources */,
				6987322E1693F08600893230 /* blackdot@2x.png in Resources */,
				6987322F1693F08600893230 /* greendot.png in Resources */,
				698732301693F08600893230 /* greendot@2x.png in Resources */,
				698732311693F08600893230 /* symbols.txt in Resources */,
				69CE7E2C1699ECD4000FFA31 /* yellowdot.png in Resources */,
				69CE7E2F1699ECD4000FFA31 /* yellowdot@2x.png in Resources */,
				69CE7E321699ECD4000FFA31 /* orangedot.png in Resources */,
				69CE7E351699ECD4000FFA31 /* orangedot@2x.png in Resources */,
				69CE7E381699ECD4000FFA31 /* reddot.png in Resources */,
				69CE7E3B1699ECD4000FFA31 /* reddot@2x.png in Resources */,
				69CE7E3E1699ECD4000FFA31 /* bluedot.png in Resources */,
				69CE7E411699ECD4000FFA31 /* bluedot@2x.png in Resources */,
			);
			runOnlyForDeploymentPostprocessing = 0;
		};
		69C81DF91693DBED0089C849 /* Resources */ = {
			isa = PBXResourcesBuildPhase;
			buildActionMask = 2147483647;
			files = (
				69C81E131693DD800089C849 /* blackdot.png in Resources */,
				69C81E141693DD800089C849 /* blackdot@2x.png in Resources */,
				69C81E151693DD800089C849 /* greendot.png in Resources */,
				69C81E161693DD800089C849 /* greendot@2x.png in Resources */,
				69C81E171693DD800089C849 /* symbols.txt in Resources */,
				69C81E071693DBED0089C849 /* InfoPlist.strings in Resources */,
				69CE7E2A1699ECD4000FFA31 /* yellowdot.png in Resources */,
				69CE7E2D1699ECD4000FFA31 /* yellowdot@2x.png in Resources */,
				69CE7E301699ECD4000FFA31 /* orangedot.png in Resources */,
				69CE7E331699ECD4000FFA31 /* orangedot@2x.png in Resources */,
				69CE7E361699ECD4000FFA31 /* reddot.png in Resources */,
				69CE7E391699ECD4000FFA31 /* reddot@2x.png in Resources */,
				69CE7E3C1699ECD4000FFA31 /* bluedot.png in Resources */,
				69CE7E3F1699ECD4000FFA31 /* bluedot@2x.png in Resources */,
			);
			runOnlyForDeploymentPostprocessing = 0;
		};
/* End PBXResourcesBuildPhase section */

/* Begin PBXShellScriptBuildPhase section */
		69C81E101693DCB00089C849 /* ShellScript */ = {
			isa = PBXShellScriptBuildPhase;
			buildActionMask = 2147483647;
			files = (
			);
			inputPaths = (
			);
			outputPaths = (
			);
			runOnlyForDeploymentPostprocessing = 0;
			shellPath = /bin/sh;
			shellScript = "# Sets the target folders and the final framework product.\nFMK_NAME=JATicker\nFMK_VERSION=A\n\n# Install dir will be the final output to the framework.\n# The following line create it in the root folder of the current project.\nINSTALL_DIR=${SRCROOT}/../bin/${FMK_NAME}.framework\n\n# Working dir will be deleted after the framework creation.\nWRK_DIR=build\nDEVICE_BUNDLE_DIR=${WRK_DIR}/Release-iphoneos/\nINSTALL_BUNDLE_DIR=${SRCROOT}/../bin\n\nDEVICE_DIR=${WRK_DIR}/Release-iphoneos/${FMK_NAME}.framework\nSIMULATOR_DIR=${WRK_DIR}/Release-iphonesimulator/${FMK_NAME}.framework\n\n# Building both architectures.\nxcodebuild -configuration \"Release\" -target \"${FMK_NAME}\" -sdk iphoneos\nxcodebuild -configuration \"Release\" -target \"${FMK_NAME}\" -sdk iphonesimulator\nxcodebuild -configuration \"Release\" -target \"JATickerResources\" -sdk iphoneos\nxcodebuild -configuration \"Release\" -target \"JATickerResources\" -sdk iphonesimulator\n\n# Cleaning the oldest.\nif [ -d \"${INSTALL_DIR}\" ]\nthen\nrm -rf \"${INSTALL_DIR}\"\nfi\n\n# Creates and renews the final product folder.\nmkdir -p \"${INSTALL_DIR}\"\nmkdir -p \"${INSTALL_DIR}/Versions\"\nmkdir -p \"${INSTALL_DIR}/Versions/${FMK_VERSION}\"\nmkdir -p \"${INSTALL_DIR}/Versions/${FMK_VERSION}/Resources\"\nmkdir -p \"${INSTALL_DIR}/Versions/${FMK_VERSION}/Headers\"\n\n# Creates the internal links.\n# It MUST uses relative path, otherwise will not work when the folder is copied/moved.\nln -s \"${FMK_VERSION}\" \"${INSTALL_DIR}/Versions/Current\"\nln -s \"Versions/Current/Headers\" \"${INSTALL_DIR}/Headers\"\nln -s \"Versions/Current/Resources\" \"${INSTALL_DIR}/Resources\"\nln -s \"Versions/Current/${FMK_NAME}\" \"${INSTALL_DIR}/${FMK_NAME}\"\n\n# Copies the headers and resources files to the final product folder.\ncp -R \"${DEVICE_DIR}/Headers/\" \"${INSTALL_DIR}/Versions/${FMK_VERSION}/Headers/\"\ncp -R \"${DEVICE_DIR}/\" \"${INSTALL_DIR}/Versions/${FMK_VERSION}/Resources/\"\n\nrm \"${INSTALL_BUNDLE_DIR}/JATickerResources.bundle\"\n\ncp -R \"${DEVICE_BUNDLE_DIR}/JATickerResources.bundle\" \"${INSTALL_BUNDLE_DIR}/JATickerResources.bundle\"\n\n# Removes the binary and header from the resources folder.\nrm -r \"${INSTALL_DIR}/Versions/${FMK_VERSION}/Resources/Headers\" \"${INSTALL_DIR}/Versions/${FMK_VERSION}/Resources/${FMK_NAME}\"\n\n# Uses the Lipo Tool to merge both binary files (i386 + armv6/armv7) into one Universal final product.\nlipo -create \"${DEVICE_DIR}/${FMK_NAME}\" \"${SIMULATOR_DIR}/${FMK_NAME}\" -output \"${INSTALL_DIR}/Versions/${FMK_VERSION}/${FMK_NAME}\"\n\nrm -r \"${WRK_DIR}\"";
		};
/* End PBXShellScriptBuildPhase section */

/* Begin PBXSourcesBuildPhase section */
		698732171693F05800893230 /* Sources */ = {
			isa = PBXSourcesBuildPhase;
			buildActionMask = 2147483647;
			files = (
			);
			runOnlyForDeploymentPostprocessing = 0;
		};
		69C81DF71693DBED0089C849 /* Sources */ = {
			isa = PBXSourcesBuildPhase;
			buildActionMask = 2147483647;
			files = (
				69C81E111693DD630089C849 /* JATickerView.m in Sources */,
				69C81E121693DD630089C849 /* JATickerChar.m in Sources */,
			);
			runOnlyForDeploymentPostprocessing = 0;
		};
/* End PBXSourcesBuildPhase section */

/* Begin PBXTargetDependency section */
		6933252D169E671D002C2AB6 /* PBXTargetDependency */ = {
			isa = PBXTargetDependency;
			target = 69C81DFA1693DBED0089C849 /* JATicker */;
			targetProxy = 6933252C169E671D002C2AB6 /* PBXContainerItemProxy */;
		};
		6933252F169E671D002C2AB6 /* PBXTargetDependency */ = {
			isa = PBXTargetDependency;
			target = 6987321A1693F05800893230 /* JATickerResources */;
			targetProxy = 6933252E169E671D002C2AB6 /* PBXContainerItemProxy */;
		};
/* End PBXTargetDependency section */

/* Begin PBXVariantGroup section */
		69C81E051693DBED0089C849 /* InfoPlist.strings */ = {
			isa = PBXVariantGroup;
			children = (
				69C81E061693DBED0089C849 /* en */,
			);
			name = InfoPlist.strings;
			sourceTree = "<group>";
		};
/* End PBXVariantGroup section */

/* Begin XCBuildConfiguration section */
		69091446169375F30053A65C /* Debug */ = {
			isa = XCBuildConfiguration;
			buildSettings = {
				ALWAYS_SEARCH_USER_PATHS = NO;
				CLANG_CXX_LANGUAGE_STANDARD = "gnu++0x";
				CLANG_CXX_LIBRARY = "libc++";
				CLANG_ENABLE_OBJC_ARC = YES;
				CLANG_WARN_EMPTY_BODY = YES;
				CLANG_WARN__DUPLICATE_METHOD_MATCH = YES;
				COPY_PHASE_STRIP = NO;
				GCC_C_LANGUAGE_STANDARD = gnu99;
				GCC_DYNAMIC_NO_PIC = NO;
				GCC_GENERATE_DEBUGGING_SYMBOLS = NO;
				GCC_OPTIMIZATION_LEVEL = 0;
				GCC_PREPROCESSOR_DEFINITIONS = (
					"DEBUG=1",
					"$(inherited)",
				);
				GCC_SYMBOLS_PRIVATE_EXTERN = NO;
				GCC_WARN_ABOUT_RETURN_TYPE = YES;
				GCC_WARN_UNINITIALIZED_AUTOS = YES;
				GCC_WARN_UNUSED_VARIABLE = YES;
				IPHONEOS_DEPLOYMENT_TARGET = 4.3;
				SDKROOT = iphoneos;
			};
			name = Debug;
		};
		69091447169375F30053A65C /* Release */ = {
			isa = XCBuildConfiguration;
			buildSettings = {
				ALWAYS_SEARCH_USER_PATHS = NO;
				CLANG_CXX_LANGUAGE_STANDARD = "gnu++0x";
				CLANG_CXX_LIBRARY = "libc++";
				CLANG_ENABLE_OBJC_ARC = YES;
				CLANG_WARN_EMPTY_BODY = YES;
				CLANG_WARN__DUPLICATE_METHOD_MATCH = YES;
				COPY_PHASE_STRIP = YES;
				GCC_C_LANGUAGE_STANDARD = gnu99;
				GCC_GENERATE_DEBUGGING_SYMBOLS = NO;
				GCC_WARN_ABOUT_RETURN_TYPE = YES;
				GCC_WARN_UNINITIALIZED_AUTOS = YES;
				GCC_WARN_UNUSED_VARIABLE = YES;
				IPHONEOS_DEPLOYMENT_TARGET = 4.3;
				SDKROOT = iphoneos;
				VALIDATE_PRODUCT = YES;
			};
			name = Release;
		};
		698732291693F05800893230 /* Debug */ = {
			isa = XCBuildConfiguration;
			buildSettings = {
				ARCHS = "$(ARCHS_STANDARD_32_BIT)";
				COMBINE_HIDPI_IMAGES = YES;
				FRAMEWORK_SEARCH_PATHS = (
					"$(inherited)",
					"\"$(SYSTEM_APPS_DIR)/Xcode.app/Contents/Developer/Library/Frameworks\"",
				);
				GCC_ENABLE_OBJC_EXCEPTIONS = YES;
				GCC_PRECOMPILE_PREFIX_HEADER = YES;
				GCC_PREFIX_HEADER = "JATickerResources/JATickerResources-Prefix.pch";
				GCC_WARN_64_TO_32_BIT_CONVERSION = YES;
				INFOPLIST_FILE = "JATickerResources/JATickerResources-Info.plist";
				INSTALL_PATH = "$(LOCAL_LIBRARY_DIR)/Bundles";
				MACOSX_DEPLOYMENT_TARGET = 10.8;
				ONLY_ACTIVE_ARCH = YES;
				PRODUCT_NAME = "$(TARGET_NAME)";
				SDKROOT = iphoneos;
				WRAPPER_EXTENSION = bundle;
			};
			name = Debug;
		};
		6987322A1693F05800893230 /* Release */ = {
			isa = XCBuildConfiguration;
			buildSettings = {
				ARCHS = "$(ARCHS_STANDARD_32_BIT)";
				COMBINE_HIDPI_IMAGES = YES;
				DEBUG_INFORMATION_FORMAT = "dwarf-with-dsym";
				FRAMEWORK_SEARCH_PATHS = (
					"$(inherited)",
					"\"$(SYSTEM_APPS_DIR)/Xcode.app/Contents/Developer/Library/Frameworks\"",
				);
				GCC_ENABLE_OBJC_EXCEPTIONS = YES;
				GCC_PRECOMPILE_PREFIX_HEADER = YES;
				GCC_PREFIX_HEADER = "JATickerResources/JATickerResources-Prefix.pch";
				GCC_WARN_64_TO_32_BIT_CONVERSION = YES;
				INFOPLIST_FILE = "JATickerResources/JATickerResources-Info.plist";
				INSTALL_PATH = "$(LOCAL_LIBRARY_DIR)/Bundles";
				MACOSX_DEPLOYMENT_TARGET = 10.8;
				PRODUCT_NAME = "$(TARGET_NAME)";
				SDKROOT = iphoneos;
				WRAPPER_EXTENSION = bundle;
			};
			name = Release;
		};
		69C81E0A1693DBED0089C849 /* Debug */ = {
			isa = XCBuildConfiguration;
			buildSettings = {
				ARCHS = "$(ARCHS_STANDARD_32_BIT)";
				COMBINE_HIDPI_IMAGES = YES;
				DEAD_CODE_STRIPPING = NO;
				FRAMEWORK_SEARCH_PATHS = (
					"$(inherited)",
					"\"$(SYSTEM_APPS_DIR)/Xcode.app/Contents/Developer/Library/Frameworks\"",
				);
				GCC_ENABLE_OBJC_EXCEPTIONS = YES;
				GCC_PRECOMPILE_PREFIX_HEADER = YES;
				GCC_PREFIX_HEADER = "JATicker/JATicker-Prefix.pch";
				GCC_WARN_64_TO_32_BIT_CONVERSION = YES;
				INFOPLIST_FILE = "JATicker/JATicker-Info.plist";
				INSTALL_PATH = "$(LOCAL_LIBRARY_DIR)/Bundles";
				LINK_WITH_STANDARD_LIBRARIES = NO;
				MACH_O_TYPE = mh_object;
				MACOSX_DEPLOYMENT_TARGET = 10.8;
				ONLY_ACTIVE_ARCH = NO;
				PRODUCT_NAME = "$(TARGET_NAME)";
				SDKROOT = iphoneos;
				WRAPPER_EXTENSION = framework;
			};
			name = Debug;
		};
		69C81E0B1693DBED0089C849 /* Release */ = {
			isa = XCBuildConfiguration;
			buildSettings = {
				ARCHS = "$(ARCHS_STANDARD_32_BIT)";
				COMBINE_HIDPI_IMAGES = YES;
				DEAD_CODE_STRIPPING = NO;
				DEBUG_INFORMATION_FORMAT = "dwarf-with-dsym";
				FRAMEWORK_SEARCH_PATHS = (
					"$(inherited)",
					"\"$(SYSTEM_APPS_DIR)/Xcode.app/Contents/Developer/Library/Frameworks\"",
				);
				GCC_ENABLE_OBJC_EXCEPTIONS = YES;
				GCC_PRECOMPILE_PREFIX_HEADER = YES;
				GCC_PREFIX_HEADER = "JATicker/JATicker-Prefix.pch";
				GCC_WARN_64_TO_32_BIT_CONVERSION = YES;
				INFOPLIST_FILE = "JATicker/JATicker-Info.plist";
				INSTALL_PATH = "$(LOCAL_LIBRARY_DIR)/Bundles";
				LINK_WITH_STANDARD_LIBRARIES = NO;
				MACH_O_TYPE = mh_object;
				MACOSX_DEPLOYMENT_TARGET = 10.8;
				ONLY_ACTIVE_ARCH = NO;
				PRODUCT_NAME = "$(TARGET_NAME)";
				SDKROOT = iphoneos;
				WRAPPER_EXTENSION = framework;
			};
			name = Release;
		};
		69C81E0E1693DC8A0089C849 /* Debug */ = {
			isa = XCBuildConfiguration;
			buildSettings = {
				PRODUCT_NAME = "$(TARGET_NAME)";
			};
			name = Debug;
		};
		69C81E0F1693DC8A0089C849 /* Release */ = {
			isa = XCBuildConfiguration;
			buildSettings = {
				PRODUCT_NAME = "$(TARGET_NAME)";
			};
			name = Release;
		};
/* End XCBuildConfiguration section */

/* Begin XCConfigurationList section */
		69091434169375F30053A65C /* Build configuration list for PBXProject "JATickerView" */ = {
			isa = XCConfigurationList;
			buildConfigurations = (
				69091446169375F30053A65C /* Debug */,
				69091447169375F30053A65C /* Release */,
			);
			defaultConfigurationIsVisible = 0;
			defaultConfigurationName = Release;
		};
		6987322B1693F05800893230 /* Build configuration list for PBXNativeTarget "JATickerResources" */ = {
			isa = XCConfigurationList;
			buildConfigurations = (
				698732291693F05800893230 /* Debug */,
				6987322A1693F05800893230 /* Release */,
			);
			defaultConfigurationIsVisible = 0;
			defaultConfigurationName = Release;
		};
		69C81E091693DBED0089C849 /* Build configuration list for PBXNativeTarget "JATicker" */ = {
			isa = XCConfigurationList;
			buildConfigurations = (
				69C81E0A1693DBED0089C849 /* Debug */,
				69C81E0B1693DBED0089C849 /* Release */,
			);
			defaultConfigurationIsVisible = 0;
			defaultConfigurationName = Release;
		};
		69C81E0D1693DC8A0089C849 /* Build configuration list for PBXAggregateTarget "JATickerAggregate" */ = {
			isa = XCConfigurationList;
			buildConfigurations = (
				69C81E0E1693DC8A0089C849 /* Debug */,
				69C81E0F1693DC8A0089C849 /* Release */,
			);
			defaultConfigurationIsVisible = 0;
			defaultConfigurationName = Release;
		};
/* End XCConfigurationList section */
	};
	rootObject = 69091431169375F30053A65C /* Project object */;
}
