// !$*UTF8*$!
{
	archiveVersion = 1;
	classes = {
	};
	objectVersion = 46;
	objects = {

/* Begin PBXBuildFile section */
		6991E05D1CFFC3F600A43A9E /* AppDelegate.swift in Sources */ = {isa = PBXBuildFile; fileRef = 6991E05C1CFFC3F600A43A9E /* AppDelegate.swift */; };
		6991E05F1CFFC3F600A43A9E /* ViewController.swift in Sources */ = {isa = PBXBuildFile; fileRef = 6991E05E1CFFC3F600A43A9E /* ViewController.swift */; };
		6991E0621CFFC3F600A43A9E /* Main.storyboard in Resources */ = {isa = PBXBuildFile; fileRef = 6991E0601CFFC3F600A43A9E /* Main.storyboard */; };
		6991E0641CFFC3F600A43A9E /* Assets.xcassets in Resources */ = {isa = PBXBuildFile; fileRef = 6991E0631CFFC3F600A43A9E /* Assets.xcassets */; };
		6991E0671CFFC3F600A43A9E /* LaunchScreen.storyboard in Resources */ = {isa = PBXBuildFile; fileRef = 6991E0651CFFC3F600A43A9E /* LaunchScreen.storyboard */; };
		6991E07B1CFFC47100A43A9E /* JATickerView.framework in Frameworks */ = {isa = PBXBuildFile; fileRef = 6991E0761CFFC45D00A43A9E /* JATickerView.framework */; };
/* End PBXBuildFile section */

/* Begin PBXContainerItemProxy section */
		6991E0751CFFC45D00A43A9E /* PBXContainerItemProxy */ = {
			isa = PBXContainerItemProxy;
			containerPortal = 6991E0701CFFC45D00A43A9E /* JATickerView.xcodeproj */;
			proxyType = 2;
			remoteGlobalIDString = 692766F61CFE7148009CB6B0;
			remoteInfo = JATickerView;
		};
		6991E0791CFFC46A00A43A9E /* PBXContainerItemProxy */ = {
			isa = PBXContainerItemProxy;
			containerPortal = 6991E0701CFFC45D00A43A9E /* JATickerView.xcodeproj */;
			proxyType = 1;
			remoteGlobalIDString = 69220EE41CED5325000A2415;
			remoteInfo = JATickerView;
		};
/* End PBXContainerItemProxy section */

/* Begin PBXFileReference section */
		6991E0591CFFC3F600A43A9E /* JATickerViewSampleSwift.app */ = {isa = PBXFileReference; explicitFileType = wrapper.application; includeInIndex = 0; path = JATickerViewSampleSwift.app; sourceTree = BUILT_PRODUCTS_DIR; };
		6991E05C1CFFC3F600A43A9E /* AppDelegate.swift */ = {isa = PBXFileReference; lastKnownFileType = sourcecode.swift; path = AppDelegate.swift; sourceTree = "<group>"; };
		6991E05E1CFFC3F600A43A9E /* ViewController.swift */ = {isa = PBXFileReference; lastKnownFileType = sourcecode.swift; path = ViewController.swift; sourceTree = "<group>"; };
		6991E0611CFFC3F600A43A9E /* Base */ = {isa = PBXFileReference; lastKnownFileType = file.storyboard; name = Base; path = Base.lproj/Main.storyboard; sourceTree = "<group>"; };
		6991E0631CFFC3F600A43A9E /* Assets.xcassets */ = {isa = PBXFileReference; lastKnownFileType = folder.assetcatalog; path = Assets.xcassets; sourceTree = "<group>"; };
		6991E0661CFFC3F600A43A9E /* Base */ = {isa = PBXFileReference; lastKnownFileType = file.storyboard; name = Base; path = Base.lproj/LaunchScreen.storyboard; sourceTree = "<group>"; };
		6991E0681CFFC3F600A43A9E /* Info.plist */ = {isa = PBXFileReference; lastKnownFileType = text.plist.xml; path = Info.plist; sourceTree = "<group>"; };
		6991E0701CFFC45D00A43A9E /* JATickerView.xcodeproj */ = {isa = PBXFileReference; lastKnownFileType = "wrapper.pb-project"; name = JATickerView.xcodeproj; path = ../../../JATickerView.xcodeproj; sourceTree = "<group>"; };
/* End PBXFileReference section */

/* Begin PBXFrameworksBuildPhase section */
		6991E0561CFFC3F600A43A9E /* Frameworks */ = {
			isa = PBXFrameworksBuildPhase;
			buildActionMask = 2147483647;
			files = (
				6991E07B1CFFC47100A43A9E /* JATickerView.framework in Frameworks */,
			);
			runOnlyForDeploymentPostprocessing = 0;
		};
/* End PBXFrameworksBuildPhase section */

/* Begin PBXGroup section */
		6991E0501CFFC3F600A43A9E = {
			isa = PBXGroup;
			children = (
				6991E0701CFFC45D00A43A9E /* JATickerView.xcodeproj */,
				6991E05B1CFFC3F600A43A9E /* JATickerViewSampleSwift */,
				6991E05A1CFFC3F600A43A9E /* Products */,
			);
			sourceTree = "<group>";
		};
		6991E05A1CFFC3F600A43A9E /* Products */ = {
			isa = PBXGroup;
			children = (
				6991E0591CFFC3F600A43A9E /* JATickerViewSampleSwift.app */,
			);
			name = Products;
			sourceTree = "<group>";
		};
		6991E05B1CFFC3F600A43A9E /* JATickerViewSampleSwift */ = {
			isa = PBXGroup;
			children = (
				6991E05C1CFFC3F600A43A9E /* AppDelegate.swift */,
				6991E05E1CFFC3F600A43A9E /* ViewController.swift */,
				6991E0601CFFC3F600A43A9E /* Main.storyboard */,
				6991E0631CFFC3F600A43A9E /* Assets.xcassets */,
				6991E0651CFFC3F600A43A9E /* LaunchScreen.storyboard */,
				6991E0681CFFC3F600A43A9E /* Info.plist */,
			);
			path = JATickerViewSampleSwift;
			sourceTree = "<group>";
		};
		6991E0711CFFC45D00A43A9E /* Products */ = {
			isa = PBXGroup;
			children = (
				6991E0761CFFC45D00A43A9E /* JATickerView.framework */,
			);
			name = Products;
			sourceTree = "<group>";
		};
/* End PBXGroup section */

/* Begin PBXNativeTarget section */
		6991E0581CFFC3F600A43A9E /* JATickerViewSampleSwift */ = {
			isa = PBXNativeTarget;
			buildConfigurationList = 6991E06B1CFFC3F600A43A9E /* Build configuration list for PBXNativeTarget "JATickerViewSampleSwift" */;
			buildPhases = (
				6991E0551CFFC3F600A43A9E /* Sources */,
				6991E0561CFFC3F600A43A9E /* Frameworks */,
				6991E0571CFFC3F600A43A9E /* Resources */,
			);
			buildRules = (
			);
			dependencies = (
				6991E07A1CFFC46A00A43A9E /* PBXTargetDependency */,
			);
			name = JATickerViewSampleSwift;
			productName = JATickerViewSampleSwift;
			productReference = 6991E0591CFFC3F600A43A9E /* JATickerViewSampleSwift.app */;
			productType = "com.apple.product-type.application";
		};
/* End PBXNativeTarget section */

/* Begin PBXProject section */
		6991E0511CFFC3F600A43A9E /* Project object */ = {
			isa = PBXProject;
			attributes = {
				LastSwiftUpdateCheck = 0730;
				LastUpgradeCheck = 0730;
				ORGANIZATIONNAME = jaysapps;
				TargetAttributes = {
					6991E0581CFFC3F600A43A9E = {
						CreatedOnToolsVersion = 7.3.1;
						LastSwiftMigration = 0830;
					};
				};
			};
			buildConfigurationList = 6991E0541CFFC3F600A43A9E /* Build configuration list for PBXProject "JATickerViewSampleSwift" */;
			compatibilityVersion = "Xcode 3.2";
			developmentRegion = English;
			hasScannedForEncodings = 0;
			knownRegions = (
				en,
				Base,
			);
			mainGroup = 6991E0501CFFC3F600A43A9E;
			productRefGroup = 6991E05A1CFFC3F600A43A9E /* Products */;
			projectDirPath = "";
			projectReferences = (
				{
					ProductGroup = 6991E0711CFFC45D00A43A9E /* Products */;
					ProjectRef = 6991E0701CFFC45D00A43A9E /* JATickerView.xcodeproj */;
				},
			);
			projectRoot = "";
			targets = (
				6991E0581CFFC3F600A43A9E /* JATickerViewSampleSwift */,
			);
		};
/* End PBXProject section */

/* Begin PBXReferenceProxy section */
		6991E0761CFFC45D00A43A9E /* JATickerView.framework */ = {
			isa = PBXReferenceProxy;
			fileType = wrapper.framework;
			path = JATickerView.framework;
			remoteRef = 6991E0751CFFC45D00A43A9E /* PBXContainerItemProxy */;
			sourceTree = BUILT_PRODUCTS_DIR;
		};
/* End PBXReferenceProxy section */

/* Begin PBXResourcesBuildPhase section */
		6991E0571CFFC3F600A43A9E /* Resources */ = {
			isa = PBXResourcesBuildPhase;
			buildActionMask = 2147483647;
			files = (
				6991E0671CFFC3F600A43A9E /* LaunchScreen.storyboard in Resources */,
				6991E0641CFFC3F600A43A9E /* Assets.xcassets in Resources */,
				6991E0621CFFC3F600A43A9E /* Main.storyboard in Resources */,
			);
			runOnlyForDeploymentPostprocessing = 0;
		};
/* End PBXResourcesBuildPhase section */

/* Begin PBXSourcesBuildPhase section */
		6991E0551CFFC3F600A43A9E /* Sources */ = {
			isa = PBXSourcesBuildPhase;
			buildActionMask = 2147483647;
			files = (
				6991E05F1CFFC3F600A43A9E /* ViewController.swift in Sources */,
				6991E05D1CFFC3F600A43A9E /* AppDelegate.swift in Sources */,
			);
			runOnlyForDeploymentPostprocessing = 0;
		};
/* End PBXSourcesBuildPhase section */

/* Begin PBXTargetDependency section */
		6991E07A1CFFC46A00A43A9E /* PBXTargetDependency */ = {
			isa = PBXTargetDependency;
			name = JATickerView;
			targetProxy = 6991E0791CFFC46A00A43A9E /* PBXContainerItemProxy */;
		};
/* End PBXTargetDependency section */

/* Begin PBXVariantGroup section */
		6991E0601CFFC3F600A43A9E /* Main.storyboard */ = {
			isa = PBXVariantGroup;
			children = (
				6991E0611CFFC3F600A43A9E /* Base */,
			);
			name = Main.storyboard;
			sourceTree = "<group>";
		};
		6991E0651CFFC3F600A43A9E /* LaunchScreen.storyboard */ = {
			isa = PBXVariantGroup;
			children = (
				6991E0661CFFC3F600A43A9E /* Base */,
			);
			name = LaunchScreen.storyboard;
			sourceTree = "<group>";
		};
/* End PBXVariantGroup section */

/* Begin XCBuildConfiguration section */
		6991E0691CFFC3F600A43A9E /* Debug */ = {
			isa = XCBuildConfiguration;
			buildSettings = {
				ALWAYS_SEARCH_USER_PATHS = NO;
				CLANG_ANALYZER_NONNULL = YES;
				CLANG_CXX_LANGUAGE_STANDARD = "gnu++0x";
				CLANG_CXX_LIBRARY = "libc++";
				CLANG_ENABLE_MODULES = YES;
				CLANG_ENABLE_OBJC_ARC = YES;
				CLANG_WARN_BOOL_CONVERSION = YES;
				CLANG_WARN_CONSTANT_CONVERSION = YES;
				CLANG_WARN_DIRECT_OBJC_ISA_USAGE = YES_ERROR;
				CLANG_WARN_EMPTY_BODY = YES;
				CLANG_WARN_ENUM_CONVERSION = YES;
				CLANG_WARN_INT_CONVERSION = YES;
				CLANG_WARN_OBJC_ROOT_CLASS = YES_ERROR;
				CLANG_WARN_UNREACHABLE_CODE = YES;
				CLANG_WARN__DUPLICATE_METHOD_MATCH = YES;
				"CODE_SIGN_IDENTITY[sdk=iphoneos*]" = "iPhone Developer";
				COPY_PHASE_STRIP = NO;
				DEBUG_INFORMATION_FORMAT = dwarf;
				ENABLE_STRICT_OBJC_MSGSEND = YES;
				ENABLE_TESTABILITY = YES;
				GCC_C_LANGUAGE_STANDARD = gnu99;
				GCC_DYNAMIC_NO_PIC = NO;
				GCC_NO_COMMON_BLOCKS = YES;
				GCC_OPTIMIZATION_LEVEL = 0;
				GCC_PREPROCESSOR_DEFINITIONS = (
					"DEBUG=1",
					"$(inherited)",
				);
				GCC_WARN_64_TO_32_BIT_CONVERSION = YES;
				GCC_WARN_ABOUT_RETURN_TYPE = YES_ERROR;
				GCC_WARN_UNDECLARED_SELECTOR = YES;
				GCC_WARN_UNINITIALIZED_AUTOS = YES_AGGRESSIVE;
				GCC_WARN_UNUSED_FUNCTION = YES;
				GCC_WARN_UNUSED_VARIABLE = YES;
				IPHONEOS_DEPLOYMENT_TARGET = 9.3;
				MTL_ENABLE_DEBUG_INFO = YES;
				ONLY_ACTIVE_ARCH = YES;
				SDKROOT = iphoneos;
				SWIFT_OPTIMIZATION_LEVEL = "-Onone";
			};
			name = Debug;
		};
		6991E06A1CFFC3F600A43A9E /* Release */ = {
			isa = XCBuildConfiguration;
			buildSettings = {
				ALWAYS_SEARCH_USER_PATHS = NO;
				CLANG_ANALYZER_NONNULL = YES;
				CLANG_CXX_LANGUAGE_STANDARD = "gnu++0x";
				CLANG_CXX_LIBRARY = "libc++";
				CLANG_ENABLE_MODULES = YES;
				CLANG_ENABLE_OBJC_ARC = YES;
				CLANG_WARN_BOOL_CONVERSION = YES;
				CLANG_WARN_CONSTANT_CONVERSION = YES;
				CLANG_WARN_DIRECT_OBJC_ISA_USAGE = YES_ERROR;
				CLANG_WARN_EMPTY_BODY = YES;
				CLANG_WARN_ENUM_CONVERSION = YES;
				CLANG_WARN_INT_CONVERSION = YES;
				CLANG_WARN_OBJC_ROOT_CLASS = YES_ERROR;
				CLANG_WARN_UNREACHABLE_CODE = YES;
				CLANG_WARN__DUPLICATE_METHOD_MATCH = YES;
				"CODE_SIGN_IDENTITY[sdk=iphoneos*]" = "iPhone Developer";
				COPY_PHASE_STRIP = NO;
				DEBUG_INFORMATION_FORMAT = "dwarf-with-dsym";
				ENABLE_NS_ASSERTIONS = NO;
				ENABLE_STRICT_OBJC_MSGSEND = YES;
				GCC_C_LANGUAGE_STANDARD = gnu99;
				GCC_NO_COMMON_BLOCKS = YES;
				GCC_WARN_64_TO_32_BIT_CONVERSION = YES;
				GCC_WARN_ABOUT_RETURN_TYPE = YES_ERROR;
				GCC_WARN_UNDECLARED_SELECTOR = YES;
				GCC_WARN_UNINITIALIZED_AUTOS = YES_AGGRESSIVE;
				GCC_WARN_UNUSED_FUNCTION = YES;
				GCC_WARN_UNUSED_VARIABLE = YES;
				IPHONEOS_DEPLOYMENT_TARGET = 9.3;
				MTL_ENABLE_DEBUG_INFO = NO;
				SDKROOT = iphoneos;
				VALIDATE_PRODUCT = YES;
			};
			name = Release;
		};
		6991E06C1CFFC3F600A43A9E /* Debug */ = {
			isa = XCBuildConfiguration;
			buildSettings = {
				ASSETCATALOG_COMPILER_APPICON_NAME = AppIcon;
				INFOPLIST_FILE = JATickerViewSampleSwift/Info.plist;
				LD_RUNPATH_SEARCH_PATHS = "$(inherited) @executable_path/Frameworks";
				PRODUCT_BUNDLE_IDENTIFIER = com.jaysapps.JATickerViewSampleSwift;
				PRODUCT_NAME = "$(TARGET_NAME)";
				SWIFT_VERSION = 3.0;
			};
			name = Debug;
		};
		6991E06D1CFFC3F600A43A9E /* Release */ = {
			isa = XCBuildConfiguration;
			buildSettings = {
				ASSETCATALOG_COMPILER_APPICON_NAME = AppIcon;
				INFOPLIST_FILE = JATickerViewSampleSwift/Info.plist;
				LD_RUNPATH_SEARCH_PATHS = "$(inherited) @executable_path/Frameworks";
				PRODUCT_BUNDLE_IDENTIFIER = com.jaysapps.JATickerViewSampleSwift;
				PRODUCT_NAME = "$(TARGET_NAME)";
				SWIFT_VERSION = 3.0;
			};
			name = Release;
		};
/* End XCBuildConfiguration section */

/* Begin XCConfigurationList section */
		6991E0541CFFC3F600A43A9E /* Build configuration list for PBXProject "JATickerViewSampleSwift" */ = {
			isa = XCConfigurationList;
			buildConfigurations = (
				6991E0691CFFC3F600A43A9E /* Debug */,
				6991E06A1CFFC3F600A43A9E /* Release */,
			);
			defaultConfigurationIsVisible = 0;
			defaultConfigurationName = Release;
		};
		6991E06B1CFFC3F600A43A9E /* Build configuration list for PBXNativeTarget "JATickerViewSampleSwift" */ = {
			isa = XCConfigurationList;
			buildConfigurations = (
				6991E06C1CFFC3F600A43A9E /* Debug */,
				6991E06D1CFFC3F600A43A9E /* Release */,
			);
			defaultConfigurationIsVisible = 0;
			defaultConfigurationName = Release;
		};
/* End XCConfigurationList section */
	};
	rootObject = 6991E0511CFFC3F600A43A9E /* Project object */;
}
